{
  "name": "map-of-github-data",
  "version": "1.0.0",
  "lockfileVersion": 3,
  "requires": true,
  "packages": {
    "": {
      "name": "map-of-github-data",
      "version": "1.0.0",
      "license": "ISC",
      "dependencies": {
        "ngraph.forcelayout": "^3.3.1",
        "ngraph.graph": "^20.1.1"
      }
    },
    "node_modules/ngraph.events": {
      "version": "1.4.0",
      "resolved": "https://registry.npmmirror.com/ngraph.events/-/ngraph.events-1.4.0.tgz",
      "integrity": "sha512-NeDGI4DSyjBNBRtA86222JoYietsmCXbs8CEB0dZ51Xeh4lhVl1y3wpWLumczvnha8sFQIW4E0vvVWwgmX2mGw==",
      "license": "BSD-3-Clause"
    },
    "node_modules/ngraph.forcelayout": {
      "version": "3.3.1",
      "resolved": "https://registry.npmmirror.com/ngraph.forcelayout/-/ngraph.forcelayout-3.3.1.tgz",
      "integrity": "sha512-MKBuEh1wujyQHFTW57y5vd/uuEOK0XfXYxm3lC7kktjJLRdt/KEKEknyOlc6tjXflqBKEuYBBcu7Ax5VY+S6aw==",
      "license": "BSD-3-Clause",
      "dependencies": {
        "ngraph.events": "^1.0.0",
        "ngraph.merge": "^1.0.0",
        "ngraph.random": "^1.0.0"
      }
    },
    "node_modules/ngraph.graph": {
      "version": "20.1.1",
      "resolved": "https://registry.npmmirror.com/ngraph.graph/-/ngraph.graph-20.1.1.tgz",
      "integrity": "sha512-KNtZWYzYe7SMOuG3vvROznU+fkPmL5cGYFsWjqt+Ob1uF5xZz5EjomtsNOZEIwVuD37/zokeEqNK1ghY4/fhDg==",
      "license": "BSD-3-Clause",
      "dependencies": {
        "ngraph.events": "^1.4.0"
      }
    },
    "node_modules/ngraph.merge": {
      "version": "1.0.0",
      "resolved": "https://registry.npmmirror.com/ngraph.merge/-/ngraph.merge-1.0.0.tgz",
      "integrity": "sha512-5J8YjGITUJeapsomtTALYsw7rFveYkM+lBj3QiYZ79EymQcuri65Nw3knQtFxQBU1r5iOaVRXrSwMENUPK62Vg==",
      "license": "MIT"
    },
    "node_modules/ngraph.random": {
      "version": "1.2.0",
      "resolved": "https://registry.npmmirror.com/ngraph.random/-/ngraph.random-1.2.0.tgz",
      "integrity": "sha512-4EUeAGbB2HWX9njd6bP6tciN6ByJfoaAvmVL9QTaZSeXrW46eNGA9GajiXiPBbvFqxUWFkEbyo6x5qsACUuVfA==",
      "license": "BSD-3-Clause"
    }
  }
}
